lockfileVersion: 5.4

importers:

  .:
    specifiers:
      '@tsconfig/node16-strictest': 1.0.4
      '@types/node': 18.11.9
      aws-cdk: ^2.61.1
      aws-cdk-lib: ^2.59.0
      constructs: ^10.0.0
      typescript: 4.9.3
    dependencies:
      aws-cdk-lib: 2.61.1_constructs@10.1.225
      constructs: 10.1.225
    devDependencies:
      '@tsconfig/node16-strictest': 1.0.4
      '@types/node': 18.11.9
      aws-cdk: 2.61.1
      typescript: 4.9.3

packages:

  /@aws-cdk/asset-awscli-v1/2.2.49:
    resolution: {integrity: sha512-Qd5bdLlC/sphWQQPNn7etKXWCh+fij7DWxtkIwvhhZ+LM6UEApGLS8sBLBQcRO2ZQdEuNb+zeClUy+3DNojfeg==}
    dev: false

  /@aws-cdk/asset-kubectl-v20/2.1.1:
    resolution: {integrity: sha512-U1ntiX8XiMRRRH5J1IdC+1t5CE89015cwyt5U63Cpk0GnMlN5+h9WsWMlKlPXZR4rdq/m806JRlBMRpBUB2Dhw==}
    dev: false

  /@aws-cdk/asset-node-proxy-agent-v5/2.0.38:
    resolution: {integrity: sha512-BBwAjORhuUkTGO3CxGS5Evcp5n20h9v06Sftn2R1DuSm8zIoUlPsNlI1HUk8XqYuoEI4aD7IKRQBLglv09ciJQ==}
    dev: false

  /@tsconfig/node16-strictest/1.0.4:
    resolution: {integrity: sha512-kp6/DuAoKzHVv5U+p0uOesYbjrEvrYVNdQMl163a+yXXUv9twabvkCGEn3pmVxKXB45JU5MPGolDDWnONZL5ZQ==}
    dev: true

  /@types/node/18.11.9:
    resolution: {integrity: sha512-CRpX21/kGdzjOpFsZSkcrXMGIBWMGNIHXXBVFSH+ggkftxg+XYP20TESbh+zFvFj3EQOl5byk0HTRn1IL6hbqg==}
    dev: true

  /aws-cdk-lib/2.61.1_constructs@10.1.225:
    resolution: {integrity: sha512-+n6rXkIbGtu151XGN54c9+vObUqTKI50skPsZsPo6S0eKgj4ZsYVfS/W6lM4pgv839BwN66hyYAzOvreXAbKeA==}
    engines: {node: '>= 14.15.0'}
    peerDependencies:
      constructs: ^10.0.0
    dependencies:
      '@aws-cdk/asset-awscli-v1': 2.2.49
      '@aws-cdk/asset-kubectl-v20': 2.1.1
      '@aws-cdk/asset-node-proxy-agent-v5': 2.0.38
      constructs: 10.1.225
    dev: false
    bundledDependencies:
      - '@balena/dockerignore'
      - case
      - fs-extra
      - ignore
      - jsonschema
      - minimatch
      - punycode
      - semver
      - yaml

  /aws-cdk/2.61.1:
    resolution: {integrity: sha512-bufvOB+I2T6YjVjT6D0j6xbi6CnX62j7TfHL905WLd5UQhPecwlL8wLe2whUOKqZj2wmGjaP7jAjIE1FFfh98w==}
    engines: {node: '>= 14.15.0'}
    hasBin: true
    optionalDependencies:
      fsevents: 2.3.2
    dev: true

  /constructs/10.1.225:
    resolution: {integrity: sha512-4An6azyanAGLn+E1/9KSs/H6b/+HORZ+ZQ+7UthLYxJbZQcESlT9Dp8ogiOcP7v38WD1x15bEIC3Ztkp2VXz2w==}
    engines: {node: '>= 14.17.0'}
    dev: false

  /fsevents/2.3.2:
    resolution: {integrity: sha512-xiqMQR4xAeHTuB9uWm+fFRcIOgKBMiOBP+eXiyT7jsgVCq1bkVygt00oASowB7EdtpOHaaPgKt812P9ab+DDKA==}
    engines: {node: ^8.16.0 || ^10.6.0 || >=11.0.0}
    os: [darwin]
    requiresBuild: true
    dev: true
    optional: true

  /typescript/4.9.3:
    resolution: {integrity: sha512-CIfGzTelbKNEnLpLdGFgdyKhG23CKdKgQPOBc+OUNrkJ2vr+KSzsSV5kq5iWhEQbok+quxgGzrAtGWCyU7tHnA==}
    engines: {node: '>=4.2.0'}
    hasBin: true
    dev: true
