lockfileVersion: 5.4

importers:

  .:
    specifiers:
      '@tsconfig/node16-strictest': 1.0.4
      '@types/node': 18.11.9
      aws-cdk-lib: ^2.59.0
      constructs: ^10.0.0
      typescript: 4.9.3
    dependencies:
      aws-cdk-lib: 2.59.0_constructs@10.1.211
      constructs: 10.1.211
    devDependencies:
      '@tsconfig/node16-strictest': 1.0.4
      '@types/node': 18.11.9
      typescript: 4.9.3

packages:

  /@aws-cdk/asset-awscli-v1/2.2.49:
    resolution: {integrity: sha512-Qd5bdLlC/sphWQQPNn7etKXWCh+fij7DWxtkIwvhhZ+LM6UEApGLS8sBLBQcRO2ZQdEuNb+zeClUy+3DNojfeg==}
    dev: false

  /@aws-cdk/asset-kubectl-v20/2.1.1:
    resolution: {integrity: sha512-U1ntiX8XiMRRRH5J1IdC+1t5CE89015cwyt5U63Cpk0GnMlN5+h9WsWMlKlPXZR4rdq/m806JRlBMRpBUB2Dhw==}
    dev: false

  /@aws-cdk/asset-node-proxy-agent-v5/2.0.38:
    resolution: {integrity: sha512-BBwAjORhuUkTGO3CxGS5Evcp5n20h9v06Sftn2R1DuSm8zIoUlPsNlI1HUk8XqYuoEI4aD7IKRQBLglv09ciJQ==}
    dev: false

  /@balena/dockerignore/1.0.2:
    resolution: {integrity: sha512-wMue2Sy4GAVTk6Ic4tJVcnfdau+gx2EnG7S+uAEe+TWJFqE4YoWN4/H8MSLj4eYJKxGg26lZwboEniNiNwZQ6Q==}
    dev: false

  /@tsconfig/node16-strictest/1.0.4:
    resolution: {integrity: sha512-kp6/DuAoKzHVv5U+p0uOesYbjrEvrYVNdQMl163a+yXXUv9twabvkCGEn3pmVxKXB45JU5MPGolDDWnONZL5ZQ==}
    dev: true

  /@types/node/18.11.9:
    resolution: {integrity: sha512-CRpX21/kGdzjOpFsZSkcrXMGIBWMGNIHXXBVFSH+ggkftxg+XYP20TESbh+zFvFj3EQOl5byk0HTRn1IL6hbqg==}
    dev: true

  /at-least-node/1.0.0:
    resolution: {integrity: sha512-+q/t7Ekv1EDY2l6Gda6LLiX14rU9TV20Wa3ofeQmwPFZbOMo9DXrLbOjFaaclkXKWidIaopwAObQDqwWtGUjqg==}
    engines: {node: '>= 4.0.0'}
    dev: false

  /aws-cdk-lib/2.59.0_constructs@10.1.211:
    resolution: {integrity: sha512-FT6QRsou8TibQcz/TqI3rEkB9EBVF5Om5lv9MXz/5qiKehWRbKZVX0I0l/SSAvGSmdTU5Pfr+WRBTk51oNMAdw==}
    engines: {node: '>= 14.15.0'}
    peerDependencies:
      constructs: ^10.0.0
    dependencies:
      '@aws-cdk/asset-awscli-v1': 2.2.49
      '@aws-cdk/asset-kubectl-v20': 2.1.1
      '@aws-cdk/asset-node-proxy-agent-v5': 2.0.38
      '@balena/dockerignore': 1.0.2
      case: 1.6.3
      constructs: 10.1.211
      fs-extra: 9.1.0
      ignore: 5.2.4
      jsonschema: 1.4.1
      minimatch: 3.1.2
      punycode: 2.1.1
      semver: 7.3.8
      yaml: 1.10.2
    dev: false
    bundledDependencies:
      - '@balena/dockerignore'
      - case
      - fs-extra
      - ignore
      - jsonschema
      - minimatch
      - punycode
      - semver
      - yaml

  /balanced-match/1.0.2:
    resolution: {integrity: sha512-3oSeUO0TMV67hN1AmbXsK4yaqU7tjiHlbxRDZOpH0KW9+CeX4bRAaX0Anxt0tx2MrpRpWwQaPwIlISEJhYU5Pw==}
    dev: false

  /brace-expansion/1.1.11:
    resolution: {integrity: sha512-iCuPHDFgrHX7H2vEI/5xpz07zSHB00TpugqhmYtVmMO6518mCuRMoOYFldEBl0g187ufozdaHgWKcYFb61qGiA==}
    dependencies:
      balanced-match: 1.0.2
      concat-map: 0.0.1
    dev: false

  /case/1.6.3:
    resolution: {integrity: sha512-mzDSXIPaFwVDvZAHqZ9VlbyF4yyXRuX6IvB06WvPYkqJVO24kX1PPhv9bfpKNFZyxYFmmgo03HUiD8iklmJYRQ==}
    engines: {node: '>= 0.8.0'}
    dev: false

  /concat-map/0.0.1:
    resolution: {integrity: sha512-/Srv4dswyQNBfohGpz9o6Yb3Gz3SrUDqBH5rTuhGR7ahtlbYKnVxw2bCFMRljaA7EXHaXZ8wsHdodFvbkhKmqg==}
    dev: false

  /constructs/10.1.211:
    resolution: {integrity: sha512-Ye4SgRf8GXtq1FVzoXDcSObWac55YOTjotbaxxnBFLKHiM0zvZRX0UoN/uwjwx5OMJp63bfoUTcNBB3fZijpPA==}
    engines: {node: '>= 14.17.0'}
    dev: false

  /fs-extra/9.1.0:
    resolution: {integrity: sha512-hcg3ZmepS30/7BSFqRvoo3DOMQu7IjqxO5nCDt+zM9XWjb33Wg7ziNT+Qvqbuc3+gWpzO02JubVyk2G4Zvo1OQ==}
    engines: {node: '>=10'}
    dependencies:
      at-least-node: 1.0.0
      graceful-fs: 4.2.10
      jsonfile: 6.1.0
      universalify: 2.0.0
    dev: false

  /graceful-fs/4.2.10:
    resolution: {integrity: sha512-9ByhssR2fPVsNZj478qUUbKfmL0+t5BDVyjShtyZZLiK7ZDAArFFfopyOTj0M05wE2tJPisA4iTnnXl2YoPvOA==}
    dev: false

  /ignore/5.2.4:
    resolution: {integrity: sha512-MAb38BcSbH0eHNBxn7ql2NH/kX33OkB3lZ1BNdh7ENeRChHTYsTvWrMubiIAMNS2llXEEgZ1MUOBtXChP3kaFQ==}
    engines: {node: '>= 4'}
    dev: false

  /jsonfile/6.1.0:
    resolution: {integrity: sha512-5dgndWOriYSm5cnYaJNhalLNDKOqFwyDB/rr1E9ZsGciGvKPs8R2xYGCacuf3z6K1YKDz182fd+fY3cn3pMqXQ==}
    dependencies:
      universalify: 2.0.0
    optionalDependencies:
      graceful-fs: 4.2.10
    dev: false

  /jsonschema/1.4.1:
    resolution: {integrity: sha512-S6cATIPVv1z0IlxdN+zUk5EPjkGCdnhN4wVSBlvoUO1tOLJootbo9CquNJmbIh4yikWHiUedhRYrNPn1arpEmQ==}
    dev: false

  /lru-cache/6.0.0:
    resolution: {integrity: sha512-Jo6dJ04CmSjuznwJSS3pUeWmd/H0ffTlkXXgwZi+eq1UCmqQwCh+eLsYOYCwY991i2Fah4h1BEMCx4qThGbsiA==}
    engines: {node: '>=10'}
    dependencies:
      yallist: 4.0.0
    dev: false

  /minimatch/3.1.2:
    resolution: {integrity: sha512-J7p63hRiAjw1NDEww1W7i37+ByIrOWO5XQQAzZ3VOcL0PNybwpfmV/N05zFAzwQ9USyEcX6t3UO+K5aqBQOIHw==}
    dependencies:
      brace-expansion: 1.1.11
    dev: false

  /punycode/2.1.1:
    resolution: {integrity: sha512-XRsRjdf+j5ml+y/6GKHPZbrF/8p2Yga0JPtdqTIY2Xe5ohJPD9saDJJLPvp9+NSBprVvevdXZybnj2cv8OEd0A==}
    engines: {node: '>=6'}
    dev: false

  /semver/7.3.8:
    resolution: {integrity: sha512-NB1ctGL5rlHrPJtFDVIVzTyQylMLu9N9VICA6HSFJo8MCGVTMW6gfpicwKmmK/dAjTOrqu5l63JJOpDSrAis3A==}
    engines: {node: '>=10'}
    hasBin: true
    dependencies:
      lru-cache: 6.0.0
    dev: false

  /typescript/4.9.3:
    resolution: {integrity: sha512-CIfGzTelbKNEnLpLdGFgdyKhG23CKdKgQPOBc+OUNrkJ2vr+KSzsSV5kq5iWhEQbok+quxgGzrAtGWCyU7tHnA==}
    engines: {node: '>=4.2.0'}
    hasBin: true
    dev: true

  /universalify/2.0.0:
    resolution: {integrity: sha512-hAZsKq7Yy11Zu1DE0OzWjw7nnLZmJZYTDZZyEFHZdUhV8FkH5MCfoU1XMaxXovpyW5nq5scPqq0ZDP9Zyl04oQ==}
    engines: {node: '>= 10.0.0'}
    dev: false

  /yallist/4.0.0:
    resolution: {integrity: sha512-3wdGidZyq5PB084XLES5TpOSRA3wjXAlIWMhum2kRcv/41Sn2emQ0dycQW4uZXLejwKvg6EsvbdlVL+FYEct7A==}
    dev: false

  /yaml/1.10.2:
    resolution: {integrity: sha512-r3vXyErRCYJ7wg28yvBY5VSoAF8ZvlcW9/BwUzEtUsjvX/DKs24dIkuwjtuprwJJHsbyUbLApepYTR1BN4uHrg==}
    engines: {node: '>= 6'}
    dev: false
